
Microsoft Visual Studio Solution File, Format Version 12.00
# Visual Studio 2015
Project("{FAE04EC0-301F-11D3-BF4B-00C04F79EFBC}") = "FakeNews2017_UnityProject.CSharp.Plugins", "FakeNews2017_UnityProject.CSharp.Plugins.csproj", "{A8B48165-7F01-4F54-05B8-4B0BEF28F34E}"
EndProject
Project("{FAE04EC0-301F-11D3-BF4B-00C04F79EFBC}") = "FakeNews2017_UnityProject.CSharp", "FakeNews2017_UnityProject.CSharp.csproj", "{89847BB9-FF4E-20B3-6EEB-4F55F741D89F}"
EndProject
Project("{FAE04EC0-301F-11D3-BF4B-00C04F79EFBC}") = "FakeNews2017_UnityProject.CSharp.Editor.Plugins", "FakeNews2017_UnityProject.CSharp.Editor.Plugins.csproj", "{82DAB603-B5A1-0CF2-5A20-2AEC27105005}"
EndProject
Project("{FAE04EC0-301F-11D3-BF4B-00C04F79EFBC}") = "FakeNews2017_UnityProject.CSharp.Editor", "FakeNews2017_UnityProject.CSharp.Editor.csproj", "{371584E9-6083-59D9-4C7B-7B5E05DB8729}"
EndProject
Global
	GlobalSection(SolutionConfigurationPlatforms) = preSolution
		Debug|Any CPU = Debug|Any CPU
		Release|Any CPU = Release|Any CPU
	EndGlobalSection
	GlobalSection(ProjectConfigurationPlatforms) = postSolution
		{A8B48165-7F01-4F54-05B8-4B0BEF28F34E}.Debug|Any CPU.ActiveCfg = Debug|Any CPU
		{A8B48165-7F01-4F54-05B8-4B0BEF28F34E}.Debug|Any CPU.Build.0 = Debug|Any CPU
		{A8B48165-7F01-4F54-05B8-4B0BEF28F34E}.Release|Any CPU.ActiveCfg = Release|Any CPU
		{A8B48165-7F01-4F54-05B8-4B0BEF28F34E}.Release|Any CPU.Build.0 = Release|Any CPU
		{89847BB9-FF4E-20B3-6EEB-4F55F741D89F}.Debug|Any CPU.ActiveCfg = Debug|Any CPU
		{89847BB9-FF4E-20B3-6EEB-4F55F741D89F}.Debug|Any CPU.Build.0 = Debug|Any CPU
		{89847BB9-FF4E-20B3-6EEB-4F55F741D89F}.Release|Any CPU.ActiveCfg = Release|Any CPU
		{89847BB9-FF4E-20B3-6EEB-4F55F741D89F}.Release|Any CPU.Build.0 = Release|Any CPU
		{82DAB603-B5A1-0CF2-5A20-2AEC27105005}.Debug|Any CPU.ActiveCfg = Debug|Any CPU
		{82DAB603-B5A1-0CF2-5A20-2AEC27105005}.Debug|Any CPU.Build.0 = Debug|Any CPU
		{82DAB603-B5A1-0CF2-5A20-2AEC27105005}.Release|Any CPU.ActiveCfg = Release|Any CPU
		{82DAB603-B5A1-0CF2-5A20-2AEC27105005}.Release|Any CPU.Build.0 = Release|Any CPU
		{371584E9-6083-59D9-4C7B-7B5E05DB8729}.Debug|Any CPU.ActiveCfg = Debug|Any CPU
		{371584E9-6083-59D9-4C7B-7B5E05DB8729}.Debug|Any CPU.Build.0 = Debug|Any CPU
		{371584E9-6083-59D9-4C7B-7B5E05DB8729}.Release|Any CPU.ActiveCfg = Release|Any CPU
		{371584E9-6083-59D9-4C7B-7B5E05DB8729}.Release|Any CPU.Build.0 = Release|Any CPU
	EndGlobalSection
	GlobalSection(SolutionProperties) = preSolution
		HideSolutionNode = FALSE
	EndGlobalSection
EndGlobal
