
Microsoft Visual Studio Solution File, Format Version 11.00
# Visual Studio 2010
Project("{FAE04EC0-301F-11D3-BF4B-00C04F79EFBC}") = "FakeNews2017_UnityProject", "Assembly-CSharp-firstpass.csproj", "{D3E5A783-6114-1F22-BEDF-D49CD2F1154C}"
EndProject
Project("{FAE04EC0-301F-11D3-BF4B-00C04F79EFBC}") = "FakeNews2017_UnityProject", "Assembly-CSharp.csproj", "{4D474177-8031-1850-A53A-6E69EA1844CF}"
EndProject
Project("{FAE04EC0-301F-11D3-BF4B-00C04F79EFBC}") = "FakeNews2017_UnityProject", "Assembly-CSharp-Editor-firstpass.csproj", "{14AF4456-AEE3-F657-8F60-F4CFE58E6D2B}"
EndProject
Global
	GlobalSection(SolutionConfigurationPlatforms) = preSolution
		Debug|Any CPU = Debug|Any CPU
		Release|Any CPU = Release|Any CPU
	EndGlobalSection
	GlobalSection(ProjectConfigurationPlatforms) = postSolution
		{D3E5A783-6114-1F22-BEDF-D49CD2F1154C}.Debug|Any CPU.ActiveCfg = Debug|Any CPU
		{D3E5A783-6114-1F22-BEDF-D49CD2F1154C}.Debug|Any CPU.Build.0 = Debug|Any CPU
		{D3E5A783-6114-1F22-BEDF-D49CD2F1154C}.Release|Any CPU.ActiveCfg = Release|Any CPU
		{D3E5A783-6114-1F22-BEDF-D49CD2F1154C}.Release|Any CPU.Build.0 = Release|Any CPU
		{4D474177-8031-1850-A53A-6E69EA1844CF}.Debug|Any CPU.ActiveCfg = Debug|Any CPU
		{4D474177-8031-1850-A53A-6E69EA1844CF}.Debug|Any CPU.Build.0 = Debug|Any CPU
		{4D474177-8031-1850-A53A-6E69EA1844CF}.Release|Any CPU.ActiveCfg = Release|Any CPU
		{4D474177-8031-1850-A53A-6E69EA1844CF}.Release|Any CPU.Build.0 = Release|Any CPU
		{14AF4456-AEE3-F657-8F60-F4CFE58E6D2B}.Debug|Any CPU.ActiveCfg = Debug|Any CPU
		{14AF4456-AEE3-F657-8F60-F4CFE58E6D2B}.Debug|Any CPU.Build.0 = Debug|Any CPU
		{14AF4456-AEE3-F657-8F60-F4CFE58E6D2B}.Release|Any CPU.ActiveCfg = Release|Any CPU
		{14AF4456-AEE3-F657-8F60-F4CFE58E6D2B}.Release|Any CPU.Build.0 = Release|Any CPU
	EndGlobalSection
	GlobalSection(SolutionProperties) = preSolution
		HideSolutionNode = FALSE
	EndGlobalSection
	GlobalSection(MonoDevelopProperties) = preSolution
		StartupItem = Assembly-CSharp.csproj
	EndGlobalSection
EndGlobal
